{
  "name": "@groupdocs.examples.angular/conversion",
  "version": "0.0.1",
  "lockfileVersion": 1,
  "requires": true,
  "dependencies": {
    "@fortawesome/angular-fontawesome": {
      "version": "0.4.0",
      "resolved": "https://registry.npmjs.org/@fortawesome/angular-fontawesome/-/angular-fontawesome-0.4.0.tgz",
      "integrity": "sha512-DYVXdCzwQo6d0CxVMRK+10LpBAvYN9xigWeQW4wKYq/Czd5es46nPMKixB5rHfNViECwwlM2gTM61K4DpxlJxg==",
      "requires": {
        "tslib": "^1.9.0"
      }
    },
    "@fortawesome/fontawesome-common-types": {
      "version": "0.2.27",
      "resolved": "https://registry.npmjs.org/@fortawesome/fontawesome-common-types/-/fontawesome-common-types-0.2.27.tgz",
      "integrity": "sha512-97GaByGaXDGMkzcJX7VmR/jRJd8h1mfhtA7RsxDBN61GnWE/PPCZhOdwG/8OZYktiRUF0CvFOr+VgRkJrt6TWg=="
    },
    "@fortawesome/fontawesome-svg-core": {
      "version": "1.2.27",
      "resolved": "https://registry.npmjs.org/@fortawesome/fontawesome-svg-core/-/fontawesome-svg-core-1.2.27.tgz",
      "integrity": "sha512-sOD3DKynocnHYpuw2sLPnTunDj7rLk91LYhi2axUYwuGe9cPCw7Bsu9EWtVdNJP+IYgTCZIbyARKXuy5K/nv+Q==",
      "requires": {
        "@fortawesome/fontawesome-common-types": "^0.2.27"
      }
    },
    "@fortawesome/free-regular-svg-icons": {
      "version": "5.12.1",
      "resolved": "https://registry.npmjs.org/@fortawesome/free-regular-svg-icons/-/free-regular-svg-icons-5.12.1.tgz",
      "integrity": "sha512-bGda18seHXb+24K6DPUFzqn4kG7B+JViP/BscMcNUXvT00M86xNhdgP2TXSdflQXn53QWqymKjx/8rhaDOJyhA==",
      "requires": {
        "@fortawesome/fontawesome-common-types": "^0.2.27"
      }
    },
    "@fortawesome/free-solid-svg-icons": {
      "version": "5.12.1",
      "resolved": "https://registry.npmjs.org/@fortawesome/free-solid-svg-icons/-/free-solid-svg-icons-5.12.1.tgz",
      "integrity": "sha512-k3MwRFFUhyL4cuCJSaHDA0YNYMELDXX0h8JKtWYxO5XD3Dn+maXOMrVAAiNGooUyM2v/wz/TOaM0jxYVKeXX7g==",
      "requires": {
        "@fortawesome/fontawesome-common-types": "^0.2.27"
      }
    },
    "@groupdocs.examples.angular/common-components": {
      "version": "0.7.6",
      "resolved": "https://registry.npmjs.org/@groupdocs.examples.angular/common-components/-/common-components-0.7.6.tgz",
      "integrity": "sha512-58hjGSEsGreiSzmTu7mDli+uJlHIoRBb3a2NdsljwUJH2h5ZjtJbyqud1NvymxlKCd/JAlAJLa101g4O9yGFcw==",
      "requires": {
        "@fortawesome/angular-fontawesome": "^0.4.0",
        "@fortawesome/fontawesome-svg-core": "^1.2.19",
        "@fortawesome/free-regular-svg-icons": "^5.9.0",
        "@fortawesome/free-solid-svg-icons": "^5.9.0",
        "hammerjs": "^2.0.8",
        "jquery": "^3.4.1",
        "ng-click-outside": "^5.1.1",
        "tslib": "^1.9.0"
      }
    },
    "hammerjs": {
      "version": "2.0.8",
      "resolved": "https://registry.npmjs.org/hammerjs/-/hammerjs-2.0.8.tgz",
      "integrity": "sha1-BO93hiz/K7edMPdpIJWTAiK/YPE="
    },
    "jquery": {
      "version": "3.5.0",
      "resolved": "https://registry.npmjs.org/jquery/-/jquery-3.5.0.tgz",
      "integrity": "sha512-Xb7SVYMvygPxbFMpTFQiHh1J7HClEaThguL15N/Gg37Lri/qKyhRGZYzHRyLH8Stq3Aow0LsHO2O2ci86fCrNQ=="
    },
    "ng-click-outside": {
      "version": "5.3.0",
      "resolved": "https://registry.npmjs.org/ng-click-outside/-/ng-click-outside-5.3.0.tgz",
      "integrity": "sha512-+WYtu2hSQy0F6VlHOqKhPtdVJimTiXXNtZPBGfLORJNX71ieYGsentke8KG+8EudR36FUB6Ya9g2GwGXM0UqdA=="
    },
    "smoothscroll-polyfill": {
      "version": "0.4.4",
      "resolved": "https://registry.npmjs.org/smoothscroll-polyfill/-/smoothscroll-polyfill-0.4.4.tgz",
      "integrity": "sha512-TK5ZA9U5RqCwMpfoMq/l1mrH0JAR7y7KRvOBx0n2869aLxch+gT9GhN3yUfjiw+d/DiF1mKo14+hd62JyMmoBg=="
    },
    "tslib": {
      "version": "1.10.0",
      "resolved": "https://registry.npmjs.org/tslib/-/tslib-1.10.0.tgz",
      "integrity": "sha512-qOebF53frne81cf0S9B41ByenJ3/IuH8yJKngAX35CmiZySA0khhkovshKK+jGCaMnVomla7gVlIcc3EvKPbTQ=="
    }
  }
}
