{
  "name": "@groupdocs-total-angular/total",
  "version": "0.0.1",
  "lockfileVersion": 1,
  "requires": true,
  "dependencies": {
    "@groupdocs-total-angular/common": {
      "version": "0.0.1",
      "resolved": "https://registry.npmjs.org/@groupdocs-total-angular/common/-/common-0.0.1.tgz",
      "integrity": "sha512-sUl6vTxQFMJ0qAgi0lNYAyR0SKbXN06lAmBrIHH71CqPBNkgzXQPyWJAzg7pIzON3ipX8rWYj0ZTVhSY/JNWpw==",
      "dev": true
    }
  }
}
